
Microsoft Visual Studio Solution File, Format Version 12.00
# Visual Studio 15
VisualStudioVersion = 15.0.27703.2042
MinimumVisualStudioVersion = 10.0.40219.1
Project("{FAE04EC0-301F-11D3-BF4B-00C04F79EFBC}") = "RapidNote", "RapidNote\RapidNote.csproj", "{A31B9C0C-EBFD-4E67-AB2C-50D551144931}"
EndProject
Global
	GlobalSection(SolutionConfigurationPlatforms) = preSolution
		Debug|Any CPU = Debug|Any CPU
		Release|Any CPU = Release|Any CPU
	EndGlobalSection
	GlobalSection(ProjectConfigurationPlatforms) = postSolution
		{A31B9C0C-EBFD-4E67-AB2C-50D551144931}.Debug|Any CPU.ActiveCfg = Debug|Any CPU
		{A31B9C0C-EBFD-4E67-AB2C-50D551144931}.Debug|Any CPU.Build.0 = Debug|Any CPU
		{A31B9C0C-EBFD-4E67-AB2C-50D551144931}.Release|Any CPU.ActiveCfg = Release|Any CPU
		{A31B9C0C-EBFD-4E67-AB2C-50D551144931}.Release|Any CPU.Build.0 = Release|Any CPU
	EndGlobalSection
	GlobalSection(SolutionProperties) = preSolution
		HideSolutionNode = FALSE
	EndGlobalSection
	GlobalSection(ExtensibilityGlobals) = postSolution
		SolutionGuid = {60FF1485-16BC-4748-8D6E-DF06428BCB25}
	EndGlobalSection
EndGlobal
