
Microsoft Visual Studio Solution File, Format Version 12.00
# Visual Studio 15
VisualStudioVersion = 15.0.27703.2042
MinimumVisualStudioVersion = 10.0.40219.1
Project("{FAE04EC0-301F-11D3-BF4B-00C04F79EFBC}") = "WireMockDemo", "WireMockDemo\WireMockDemo.csproj", "{859E9038-A483-408B-8DE8-52CB69C4B22E}"
EndProject
Global
	GlobalSection(SolutionConfigurationPlatforms) = preSolution
		Debug|Any CPU = Debug|Any CPU
		Release|Any CPU = Release|Any CPU
	EndGlobalSection
	GlobalSection(ProjectConfigurationPlatforms) = postSolution
		{859E9038-A483-408B-8DE8-52CB69C4B22E}.Debug|Any CPU.ActiveCfg = Debug|Any CPU
		{859E9038-A483-408B-8DE8-52CB69C4B22E}.Debug|Any CPU.Build.0 = Debug|Any CPU
		{859E9038-A483-408B-8DE8-52CB69C4B22E}.Release|Any CPU.ActiveCfg = Release|Any CPU
		{859E9038-A483-408B-8DE8-52CB69C4B22E}.Release|Any CPU.Build.0 = Release|Any CPU
	EndGlobalSection
	GlobalSection(SolutionProperties) = preSolution
		HideSolutionNode = FALSE
	EndGlobalSection
	GlobalSection(ExtensibilityGlobals) = postSolution
		SolutionGuid = {F5D3CE05-A557-4BFA-BFAF-EA4FD49313B6}
	EndGlobalSection
EndGlobal
